
Microsoft Visual Studio Solution File, Format Version 12.00
# Visual Studio Version 17
VisualStudioVersion = 17.14.36623.8 d17.14
MinimumVisualStudioVersion = 10.0.40219.1
Project("{FAE04EC0-301F-11D3-BF4B-00C04F79EFBC}") = "BlogCommunityApi", "BlogCommunityApi.csproj", "{53455EB6-C9F0-40E4-B0C0-DF20BB0DC3CF}"
EndProject
Global
	GlobalSection(SolutionConfigurationPlatforms) = preSolution
		Debug|Any CPU = Debug|Any CPU
		Release|Any CPU = Release|Any CPU
	EndGlobalSection
	GlobalSection(ProjectConfigurationPlatforms) = postSolution
		{53455EB6-C9F0-40E4-B0C0-DF20BB0DC3CF}.Debug|Any CPU.ActiveCfg = Debug|Any CPU
		{53455EB6-C9F0-40E4-B0C0-DF20BB0DC3CF}.Debug|Any CPU.Build.0 = Debug|Any CPU
		{53455EB6-C9F0-40E4-B0C0-DF20BB0DC3CF}.Release|Any CPU.ActiveCfg = Release|Any CPU
		{53455EB6-C9F0-40E4-B0C0-DF20BB0DC3CF}.Release|Any CPU.Build.0 = Release|Any CPU
	EndGlobalSection
	GlobalSection(SolutionProperties) = preSolution
		HideSolutionNode = FALSE
	EndGlobalSection
	GlobalSection(ExtensibilityGlobals) = postSolution
		SolutionGuid = {3744F823-6BB4-4F91-B73D-8676B6B64C8A}
	EndGlobalSection
EndGlobal
